
Microsoft Visual Studio Solution File, Format Version 12.00
# Visual Studio 15
VisualStudioVersion = 15.0.27428.2037
MinimumVisualStudioVersion = 10.0.40219.1
Project("{00D1A9C2-B5F0-4AF3-8072-F6C62B433612}") = "CartegraphTown.Database", "CartegraphTown.Database\CartegraphTown.Database.sqlproj", "{EE609A28-C3A6-45D8-AFCF-FCB0CF2D1FAB}"
EndProject
Project("{FAE04EC0-301F-11D3-BF4B-00C04F79EFBC}") = "CartegraphTown.Model", "CartegraphTown.Model\CartegraphTown.Model.csproj", "{EE32F27F-3D75-45E4-8F75-5C75269358EB}"
EndProject
Project("{FAE04EC0-301F-11D3-BF4B-00C04F79EFBC}") = "CartegraphTown.API", "CartegraphTown.API\CartegraphTown.API.csproj", "{97C745B1-C9CE-4738-8A26-A8D3FB6A4E11}"
EndProject
Project("{FAE04EC0-301F-11D3-BF4B-00C04F79EFBC}") = "CartegraphTown.Service", "CartegraphTown.Service\CartegraphTown.Service.csproj", "{89B36D49-04D0-4104-8EE7-F363696374E5}"
EndProject
Global
	GlobalSection(SolutionConfigurationPlatforms) = preSolution
		Debug|Any CPU = Debug|Any CPU
		Release|Any CPU = Release|Any CPU
	EndGlobalSection
	GlobalSection(ProjectConfigurationPlatforms) = postSolution
		{EE609A28-C3A6-45D8-AFCF-FCB0CF2D1FAB}.Debug|Any CPU.ActiveCfg = Debug|Any CPU
		{EE609A28-C3A6-45D8-AFCF-FCB0CF2D1FAB}.Debug|Any CPU.Build.0 = Debug|Any CPU
		{EE609A28-C3A6-45D8-AFCF-FCB0CF2D1FAB}.Debug|Any CPU.Deploy.0 = Debug|Any CPU
		{EE609A28-C3A6-45D8-AFCF-FCB0CF2D1FAB}.Release|Any CPU.ActiveCfg = Release|Any CPU
		{EE609A28-C3A6-45D8-AFCF-FCB0CF2D1FAB}.Release|Any CPU.Build.0 = Release|Any CPU
		{EE609A28-C3A6-45D8-AFCF-FCB0CF2D1FAB}.Release|Any CPU.Deploy.0 = Release|Any CPU
		{EE32F27F-3D75-45E4-8F75-5C75269358EB}.Debug|Any CPU.ActiveCfg = Debug|Any CPU
		{EE32F27F-3D75-45E4-8F75-5C75269358EB}.Debug|Any CPU.Build.0 = Debug|Any CPU
		{EE32F27F-3D75-45E4-8F75-5C75269358EB}.Release|Any CPU.ActiveCfg = Release|Any CPU
		{EE32F27F-3D75-45E4-8F75-5C75269358EB}.Release|Any CPU.Build.0 = Release|Any CPU
		{97C745B1-C9CE-4738-8A26-A8D3FB6A4E11}.Debug|Any CPU.ActiveCfg = Debug|Any CPU
		{97C745B1-C9CE-4738-8A26-A8D3FB6A4E11}.Debug|Any CPU.Build.0 = Debug|Any CPU
		{97C745B1-C9CE-4738-8A26-A8D3FB6A4E11}.Release|Any CPU.ActiveCfg = Release|Any CPU
		{97C745B1-C9CE-4738-8A26-A8D3FB6A4E11}.Release|Any CPU.Build.0 = Release|Any CPU
		{89B36D49-04D0-4104-8EE7-F363696374E5}.Debug|Any CPU.ActiveCfg = Debug|Any CPU
		{89B36D49-04D0-4104-8EE7-F363696374E5}.Debug|Any CPU.Build.0 = Debug|Any CPU
		{89B36D49-04D0-4104-8EE7-F363696374E5}.Release|Any CPU.ActiveCfg = Release|Any CPU
		{89B36D49-04D0-4104-8EE7-F363696374E5}.Release|Any CPU.Build.0 = Release|Any CPU
	EndGlobalSection
	GlobalSection(SolutionProperties) = preSolution
		HideSolutionNode = FALSE
	EndGlobalSection
	GlobalSection(ExtensibilityGlobals) = postSolution
		SolutionGuid = {FC0728F5-4AEF-4501-BA95-0D1FFCF8F9F8}
	EndGlobalSection
EndGlobal
